
Microsoft Visual Studio Solution File, Format Version 12.00
# Visual Studio Version 17
VisualStudioVersion = 17.11.35431.28
MinimumVisualStudioVersion = 10.0.40219.1
Project("{FAE04EC0-301F-11D3-BF4B-00C04F79EFBC}") = "Calc", "Calc.csproj", "{5F3E4C0C-2674-4BAF-8C11-D0996B6EDF4C}"
EndProject
Global
	GlobalSection(SolutionConfigurationPlatforms) = preSolution
		Debug|Any CPU = Debug|Any CPU
		Release|Any CPU = Release|Any CPU
	EndGlobalSection
	GlobalSection(ProjectConfigurationPlatforms) = postSolution
		{5F3E4C0C-2674-4BAF-8C11-D0996B6EDF4C}.Debug|Any CPU.ActiveCfg = Debug|Any CPU
		{5F3E4C0C-2674-4BAF-8C11-D0996B6EDF4C}.Debug|Any CPU.Build.0 = Debug|Any CPU
		{5F3E4C0C-2674-4BAF-8C11-D0996B6EDF4C}.Release|Any CPU.ActiveCfg = Release|Any CPU
		{5F3E4C0C-2674-4BAF-8C11-D0996B6EDF4C}.Release|Any CPU.Build.0 = Release|Any CPU
	EndGlobalSection
	GlobalSection(SolutionProperties) = preSolution
		HideSolutionNode = FALSE
	EndGlobalSection
	GlobalSection(ExtensibilityGlobals) = postSolution
		SolutionGuid = {31EA6F22-551D-4E2F-8510-19F6BE060D88}
	EndGlobalSection
EndGlobal
